blekksprut.net/aspeq v0.4.1 h1:uLo4wl3fQfxUtEzgzPjR9XRS0V7761KyFRV4Ti81rwA=
blekksprut.net/aspeq v0.4.1/go.mod h1:a+bA04Fxu1tN6sb6wygNKJvk32So3TauAX8UHdhmgt4=
blekksprut.net/sisyphus v0.4.5 h1:nB8DPwVIFKMIwAdJsSBfbyEQvUPec6MXjMlu9RT0OAg=
blekksprut.net/sisyphus v0.4.5/go.mod h1:FEXQj+lHvWd6Sew43gC/Cp5Xn0SfNbVt1HKycav+M6E=
github.com/sqids/sqids-go v0.4.1 h1:eQKYzmAZbLlRwHeHYPF35QhgxwZHLnlmVj9AkIj/rrw=
github.com/sqids/sqids-go v0.4.1/go.mod h1:EMwHuPQgSNFS0A49jESTfIQS+066XQTVhukrzEPScl8=
golang.org/x/image v0.27.0 h1:C8gA4oWU/tKkdCfYT6T2u4faJu3MeNS5O8UPWlPF61w=
golang.org/x/image v0.27.0/go.mod h1:xbdrClrAUway1MUTEZDq9mz/UpRwYAkFFNUslZtcB+g=
golang.org/x/sys v0.33.0 h1:q3i8TbbEz+JRD9ywIRlyRAQbM0qF7hu24q3teo2hbuw=
golang.org/x/sys v0.33.0/go.mod h1:BJP2sWEmIv4KK5OTEluFJCKSidICx8ciO85XgH3Ak8k=
