blekksprut.net/aspeq v0.4.1 h1:uLo4wl3fQfxUtEzgzPjR9XRS0V7761KyFRV4Ti81rwA=
blekksprut.net/aspeq v0.4.1/go.mod h1:a+bA04Fxu1tN6sb6wygNKJvk32So3TauAX8UHdhmgt4=
blekksprut.net/sisyphus v0.4.4 h1:G6EvjFzfkJqM9SHHSzqwGkPpnx0PaHi/n2s9tIInPSA=
blekksprut.net/sisyphus v0.4.4/go.mod h1:hhoQZv0Y1G67urhGjgOrTmgiV3wDqLX1QrZrq1Z/VsY=
github.com/sqids/sqids-go v0.4.1 h1:eQKYzmAZbLlRwHeHYPF35QhgxwZHLnlmVj9AkIj/rrw=
github.com/sqids/sqids-go v0.4.1/go.mod h1:EMwHuPQgSNFS0A49jESTfIQS+066XQTVhukrzEPScl8=
golang.org/x/image v0.25.0 h1:Y6uW6rH1y5y/LK1J8BPWZtr6yZ7hrsy6hFrXjgsc2fQ=
golang.org/x/image v0.25.0/go.mod h1:tCAmOEGthTtkalusGp1g3xa2gke8J6c2N565dTyl9Rs=
golang.org/x/sys v0.31.0 h1:ioabZlmFYtWhL+TRYpcnNlLwhyxaM9kWTDEmfnprqik=
golang.org/x/sys v0.31.0/go.mod h1:BJP2sWEmIv4KK5OTEluFJCKSidICx8ciO85XgH3Ak8k=
